<Solution>
  <Project Path="Application/Application.csproj" />
  <Project Path="Domain/Domain.csproj" />
  <Project Path="Infraestructure/Infraestructure.csproj" />
  <Project Path="Presentation/Presentation.csproj" />
  <Folder Name="/Tests/">
    <Project Path="Tests/AiService.Tests/AiService.Tests.csproj" />
  </Folder>
</Solution>
